
Microsoft Visual Studio Solution File, Format Version 12.00
# Visual Studio Version 17
VisualStudioVersion = 17.8.34525.116
MinimumVisualStudioVersion = 10.0.40219.1
Project("{FAE04EC0-301F-11D3-BF4B-00C04F79EFBC}") = "SaturnNativeAndroid", "SaturnNativeAndroid\SaturnNativeAndroid.csproj", "{6F060F54-3A25-4FA5-820B-2969ABCBF0DA}"
EndProject
Global
	GlobalSection(SolutionConfigurationPlatforms) = preSolution
		Debug|Any CPU = Debug|Any CPU
		Release|Any CPU = Release|Any CPU
	EndGlobalSection
	GlobalSection(ProjectConfigurationPlatforms) = postSolution
		{6F060F54-3A25-4FA5-820B-2969ABCBF0DA}.Debug|Any CPU.ActiveCfg = Debug|Any CPU
		{6F060F54-3A25-4FA5-820B-2969ABCBF0DA}.Debug|Any CPU.Build.0 = Debug|Any CPU
		{6F060F54-3A25-4FA5-820B-2969ABCBF0DA}.Debug|Any CPU.Deploy.0 = Debug|Any CPU
		{6F060F54-3A25-4FA5-820B-2969ABCBF0DA}.Release|Any CPU.ActiveCfg = Release|Any CPU
		{6F060F54-3A25-4FA5-820B-2969ABCBF0DA}.Release|Any CPU.Build.0 = Release|Any CPU
		{6F060F54-3A25-4FA5-820B-2969ABCBF0DA}.Release|Any CPU.Deploy.0 = Release|Any CPU
	EndGlobalSection
	GlobalSection(SolutionProperties) = preSolution
		HideSolutionNode = FALSE
	EndGlobalSection
	GlobalSection(ExtensibilityGlobals) = postSolution
		SolutionGuid = {74A63D2B-6286-4C46-967D-2B4566CA7435}
	EndGlobalSection
EndGlobal
